// !$*UTF8*$!
{
	archiveVersion = 1;
	classes = {
	};
	objectVersion = 46;
	objects = {

/* Begin PBXBuildFile section */
		03E682891A6A10BB00E4F11A /* AppDelegate.swift in Sources */ = {isa = PBXBuildFile; fileRef = 03E682881A6A10BB00E4F11A /* AppDelegate.swift */; };
		03E6828B1A6A10BB00E4F11A /* ViewController.swift in Sources */ = {isa = PBXBuildFile; fileRef = 03E6828A1A6A10BB00E4F11A /* ViewController.swift */; };
		03E6828E1A6A10BB00E4F11A /* Main.storyboard in Resources */ = {isa = PBXBuildFile; fileRef = 03E6828C1A6A10BB00E4F11A /* Main.storyboard */; };
		03E682901A6A10BB00E4F11A /* Images.xcassets in Resources */ = {isa = PBXBuildFile; fileRef = 03E6828F1A6A10BB00E4F11A /* Images.xcassets */; };
		03E682931A6A10BB00E4F11A /* LaunchScreen.xib in Resources */ = {isa = PBXBuildFile; fileRef = 03E682911A6A10BB00E4F11A /* LaunchScreen.xib */; };
		03E6829F1A6A10BB00E4F11A /* PostcardTests.swift in Sources */ = {isa = PBXBuildFile; fileRef = 03E6829E1A6A10BB00E4F11A /* PostcardTests.swift */; };
		03E682A91A6A1E8600E4F11A /* SagradaFamilia.jpg in Resources */ = {isa = PBXBuildFile; fileRef = 03E682A81A6A1E8600E4F11A /* SagradaFamilia.jpg */; };
		03E682AB1A6A217300E4F11A /* 20130411_171336.jpg in Resources */ = {isa = PBXBuildFile; fileRef = 03E682AA1A6A217300E4F11A /* 20130411_171336.jpg */; };
/* End PBXBuildFile section */

/* Begin PBXContainerItemProxy section */
		03E682991A6A10BB00E4F11A /* PBXContainerItemProxy */ = {
			isa = PBXContainerItemProxy;
			containerPortal = 03E6827B1A6A10BB00E4F11A /* Project object */;
			proxyType = 1;
			remoteGlobalIDString = 03E682821A6A10BB00E4F11A;
			remoteInfo = Postcard;
		};
/* End PBXContainerItemProxy section */

/* Begin PBXFileReference section */
		03E682831A6A10BB00E4F11A /* Postcard.app */ = {isa = PBXFileReference; explicitFileType = wrapper.application; includeInIndex = 0; path = Postcard.app; sourceTree = BUILT_PRODUCTS_DIR; };
		03E682871A6A10BB00E4F11A /* Info.plist */ = {isa = PBXFileReference; lastKnownFileType = text.plist.xml; path = Info.plist; sourceTree = "<group>"; };
		03E682881A6A10BB00E4F11A /* AppDelegate.swift */ = {isa = PBXFileReference; lastKnownFileType = sourcecode.swift; path = AppDelegate.swift; sourceTree = "<group>"; };
		03E6828A1A6A10BB00E4F11A /* ViewController.swift */ = {isa = PBXFileReference; lastKnownFileType = sourcecode.swift; path = ViewController.swift; sourceTree = "<group>"; };
		03E6828D1A6A10BB00E4F11A /* Base */ = {isa = PBXFileReference; lastKnownFileType = file.storyboard; name = Base; path = Base.lproj/Main.storyboard; sourceTree = "<group>"; };
		03E6828F1A6A10BB00E4F11A /* Images.xcassets */ = {isa = PBXFileReference; lastKnownFileType = folder.assetcatalog; path = Images.xcassets; sourceTree = "<group>"; };
		03E682921A6A10BB00E4F11A /* Base */ = {isa = PBXFileReference; lastKnownFileType = file.xib; name = Base; path = Base.lproj/LaunchScreen.xib; sourceTree = "<group>"; };
		03E682981A6A10BB00E4F11A /* PostcardTests.xctest */ = {isa = PBXFileReference; explicitFileType = wrapper.cfbundle; includeInIndex = 0; path = PostcardTests.xctest; sourceTree = BUILT_PRODUCTS_DIR; };
		03E6829D1A6A10BB00E4F11A /* Info.plist */ = {isa = PBXFileReference; lastKnownFileType = text.plist.xml; path = Info.plist; sourceTree = "<group>"; };
		03E6829E1A6A10BB00E4F11A /* PostcardTests.swift */ = {isa = PBXFileReference; lastKnownFileType = sourcecode.swift; path = PostcardTests.swift; sourceTree = "<group>"; };
		03E682A81A6A1E8600E4F11A /* SagradaFamilia.jpg */ = {isa = PBXFileReference; lastKnownFileType = image.jpeg; path = SagradaFamilia.jpg; sourceTree = "<group>"; };
		03E682AA1A6A217300E4F11A /* 20130411_171336.jpg */ = {isa = PBXFileReference; lastKnownFileType = image.jpeg; path = 20130411_171336.jpg; sourceTree = "<group>"; };
/* End PBXFileReference section */

/* Begin PBXFrameworksBuildPhase section */
		03E682801A6A10BB00E4F11A /* Frameworks */ = {
			isa = PBXFrameworksBuildPhase;
			buildActionMask = 2147483647;
			files = (
			);
			runOnlyForDeploymentPostprocessing = 0;
		};
		03E682951A6A10BB00E4F11A /* Frameworks */ = {
			isa = PBXFrameworksBuildPhase;
			buildActionMask = 2147483647;
			files = (
			);
			runOnlyForDeploymentPostprocessing = 0;
		};
/* End PBXFrameworksBuildPhase section */

/* Begin PBXGroup section */
		03E6827A1A6A10BB00E4F11A = {
			isa = PBXGroup;
			children = (
				03E682851A6A10BB00E4F11A /* Postcard */,
				03E6829B1A6A10BB00E4F11A /* PostcardTests */,
				03E682841A6A10BB00E4F11A /* Products */,
			);
			sourceTree = "<group>";
		};
		03E682841A6A10BB00E4F11A /* Products */ = {
			isa = PBXGroup;
			children = (
				03E682831A6A10BB00E4F11A /* Postcard.app */,
				03E682981A6A10BB00E4F11A /* PostcardTests.xctest */,
			);
			name = Products;
			sourceTree = "<group>";
		};
		03E682851A6A10BB00E4F11A /* Postcard */ = {
			isa = PBXGroup;
			children = (
				03E682881A6A10BB00E4F11A /* AppDelegate.swift */,
				03E6828A1A6A10BB00E4F11A /* ViewController.swift */,
				03E6828C1A6A10BB00E4F11A /* Main.storyboard */,
				03E6828F1A6A10BB00E4F11A /* Images.xcassets */,
				03E682911A6A10BB00E4F11A /* LaunchScreen.xib */,
				03E682861A6A10BB00E4F11A /* Supporting Files */,
			);
			path = Postcard;
			sourceTree = "<group>";
		};
		03E682861A6A10BB00E4F11A /* Supporting Files */ = {
			isa = PBXGroup;
			children = (
				03E682AA1A6A217300E4F11A /* 20130411_171336.jpg */,
				03E682A81A6A1E8600E4F11A /* SagradaFamilia.jpg */,
				03E682871A6A10BB00E4F11A /* Info.plist */,
			);
			name = "Supporting Files";
			sourceTree = "<group>";
		};
		03E6829B1A6A10BB00E4F11A /* PostcardTests */ = {
			isa = PBXGroup;
			children = (
				03E6829E1A6A10BB00E4F11A /* PostcardTests.swift */,
				03E6829C1A6A10BB00E4F11A /* Supporting Files */,
			);
			path = PostcardTests;
			sourceTree = "<group>";
		};
		03E6829C1A6A10BB00E4F11A /* Supporting Files */ = {
			isa = PBXGroup;
			children = (
				03E6829D1A6A10BB00E4F11A /* Info.plist */,
			);
			name = "Supporting Files";
			sourceTree = "<group>";
		};
/* End PBXGroup section */

/* Begin PBXNativeTarget section */
		03E682821A6A10BB00E4F11A /* Postcard */ = {
			isa = PBXNativeTarget;
			buildConfigurationList = 03E682A21A6A10BB00E4F11A /* Build configuration list for PBXNativeTarget "Postcard" */;
			buildPhases = (
				03E6827F1A6A10BB00E4F11A /* Sources */,
				03E682801A6A10BB00E4F11A /* Frameworks */,
				03E682811A6A10BB00E4F11A /* Resources */,
			);
			buildRules = (
			);
			dependencies = (
			);
			name = Postcard;
			productName = Postcard;
			productReference = 03E682831A6A10BB00E4F11A /* Postcard.app */;
			productType = "com.apple.product-type.application";
		};
		03E682971A6A10BB00E4F11A /* PostcardTests */ = {
			isa = PBXNativeTarget;
			buildConfigurationList = 03E682A51A6A10BB00E4F11A /* Build configuration list for PBXNativeTarget "PostcardTests" */;
			buildPhases = (
				03E682941A6A10BB00E4F11A /* Sources */,
				03E682951A6A10BB00E4F11A /* Frameworks */,
				03E682961A6A10BB00E4F11A /* Resources */,
			);
			buildRules = (
			);
			dependencies = (
				03E6829A1A6A10BB00E4F11A /* PBXTargetDependency */,
			);
			name = PostcardTests;
			productName = PostcardTests;
			productReference = 03E682981A6A10BB00E4F11A /* PostcardTests.xctest */;
			productType = "com.apple.product-type.bundle.unit-test";
		};
/* End PBXNativeTarget section */

/* Begin PBXProject section */
		03E6827B1A6A10BB00E4F11A /* Project object */ = {
			isa = PBXProject;
			attributes = {
				LastUpgradeCheck = 0610;
				ORGANIZATIONNAME = "Erik Parra";
				TargetAttributes = {
					03E682821A6A10BB00E4F11A = {
						CreatedOnToolsVersion = 6.1.1;
					};
					03E682971A6A10BB00E4F11A = {
						CreatedOnToolsVersion = 6.1.1;
						TestTargetID = 03E682821A6A10BB00E4F11A;
					};
				};
			};
			buildConfigurationList = 03E6827E1A6A10BB00E4F11A /* Build configuration list for PBXProject "Postcard" */;
			compatibilityVersion = "Xcode 3.2";
			developmentRegion = English;
			hasScannedForEncodings = 0;
			knownRegions = (
				en,
				Base,
			);
			mainGroup = 03E6827A1A6A10BB00E4F11A;
			productRefGroup = 03E682841A6A10BB00E4F11A /* Products */;
			projectDirPath = "";
			projectRoot = "";
			targets = (
				03E682821A6A10BB00E4F11A /* Postcard */,
				03E682971A6A10BB00E4F11A /* PostcardTests */,
			);
		};
/* End PBXProject section */

/* Begin PBXResourcesBuildPhase section */
		03E682811A6A10BB00E4F11A /* Resources */ = {
			isa = PBXResourcesBuildPhase;
			buildActionMask = 2147483647;
			files = (
				03E682AB1A6A217300E4F11A /* 20130411_171336.jpg in Resources */,
				03E6828E1A6A10BB00E4F11A /* Main.storyboard in Resources */,
				03E682931A6A10BB00E4F11A /* LaunchScreen.xib in Resources */,
				03E682901A6A10BB00E4F11A /* Images.xcassets in Resources */,
				03E682A91A6A1E8600E4F11A /* SagradaFamilia.jpg in Resources */,
			);
			runOnlyForDeploymentPostprocessing = 0;
		};
		03E682961A6A10BB00E4F11A /* Resources */ = {
			isa = PBXResourcesBuildPhase;
			buildActionMask = 2147483647;
			files = (
			);
			runOnlyForDeploymentPostprocessing = 0;
		};
/* End PBXResourcesBuildPhase section */

/* Begin PBXSourcesBuildPhase section */
		03E6827F1A6A10BB00E4F11A /* Sources */ = {
			isa = PBXSourcesBuildPhase;
			buildActionMask = 2147483647;
			files = (
				03E6828B1A6A10BB00E4F11A /* ViewController.swift in Sources */,
				03E682891A6A10BB00E4F11A /* AppDelegate.swift in Sources */,
			);
			runOnlyForDeploymentPostprocessing = 0;
		};
		03E682941A6A10BB00E4F11A /* Sources */ = {
			isa = PBXSourcesBuildPhase;
			buildActionMask = 2147483647;
			files = (
				03E6829F1A6A10BB00E4F11A /* PostcardTests.swift in Sources */,
			);
			runOnlyForDeploymentPostprocessing = 0;
		};
/* End PBXSourcesBuildPhase section */

/* Begin PBXTargetDependency section */
		03E6829A1A6A10BB00E4F11A /* PBXTargetDependency */ = {
			isa = PBXTargetDependency;
			target = 03E682821A6A10BB00E4F11A /* Postcard */;
			targetProxy = 03E682991A6A10BB00E4F11A /* PBXContainerItemProxy */;
		};
/* End PBXTargetDependency section */

/* Begin PBXVariantGroup section */
		03E6828C1A6A10BB00E4F11A /* Main.storyboard */ = {
			isa = PBXVariantGroup;
			children = (
				03E6828D1A6A10BB00E4F11A /* Base */,
			);
			name = Main.storyboard;
			sourceTree = "<group>";
		};
		03E682911A6A10BB00E4F11A /* LaunchScreen.xib */ = {
			isa = PBXVariantGroup;
			children = (
				03E682921A6A10BB00E4F11A /* Base */,
			);
			name = LaunchScreen.xib;
			sourceTree = "<group>";
		};
/* End PBXVariantGroup section */

/* Begin XCBuildConfiguration section */
		03E682A01A6A10BB00E4F11A /* Debug */ = {
			isa = XCBuildConfiguration;
			buildSettings = {
				ALWAYS_SEARCH_USER_PATHS = NO;
				CLANG_CXX_LANGUAGE_STANDARD = "gnu++0x";
				CLANG_CXX_LIBRARY = "libc++";
				CLANG_ENABLE_MODULES = YES;
				CLANG_ENABLE_OBJC_ARC = YES;
				CLANG_WARN_BOOL_CONVERSION = YES;
				CLANG_WARN_CONSTANT_CONVERSION = YES;
				CLANG_WARN_DIRECT_OBJC_ISA_USAGE = YES_ERROR;
				CLANG_WARN_EMPTY_BODY = YES;
				CLANG_WARN_ENUM_CONVERSION = YES;
				CLANG_WARN_INT_CONVERSION = YES;
				CLANG_WARN_OBJC_ROOT_CLASS = YES_ERROR;
				CLANG_WARN_UNREACHABLE_CODE = YES;
				CLANG_WARN__DUPLICATE_METHOD_MATCH = YES;
				"CODE_SIGN_IDENTITY[sdk=iphoneos*]" = "iPhone Developer";
				COPY_PHASE_STRIP = NO;
				ENABLE_STRICT_OBJC_MSGSEND = YES;
				GCC_C_LANGUAGE_STANDARD = gnu99;
				GCC_DYNAMIC_NO_PIC = NO;
				GCC_OPTIMIZATION_LEVEL = 0;
				GCC_PREPROCESSOR_DEFINITIONS = (
					"DEBUG=1",
					"$(inherited)",
				);
				GCC_SYMBOLS_PRIVATE_EXTERN = NO;
				GCC_WARN_64_TO_32_BIT_CONVERSION = YES;
				GCC_WARN_ABOUT_RETURN_TYPE = YES_ERROR;
				GCC_WARN_UNDECLARED_SELECTOR = YES;
				GCC_WARN_UNINITIALIZED_AUTOS = YES_AGGRESSIVE;
				GCC_WARN_UNUSED_FUNCTION = YES;
				GCC_WARN_UNUSED_VARIABLE = YES;
				IPHONEOS_DEPLOYMENT_TARGET = 8.1;
				MTL_ENABLE_DEBUG_INFO = YES;
				ONLY_ACTIVE_ARCH = YES;
				SDKROOT = iphoneos;
				SWIFT_OPTIMIZATION_LEVEL = "-Onone";
				TARGETED_DEVICE_FAMILY = "1,2";
			};
			name = Debug;
		};
		03E682A11A6A10BB00E4F11A /* Release */ = {
			isa = XCBuildConfiguration;
			buildSettings = {
				ALWAYS_SEARCH_USER_PATHS = NO;
				CLANG_CXX_LANGUAGE_STANDARD = "gnu++0x";
				CLANG_CXX_LIBRARY = "libc++";
				CLANG_ENABLE_MODULES = YES;
				CLANG_ENABLE_OBJC_ARC = YES;
				CLANG_WARN_BOOL_CONVERSION = YES;
				CLANG_WARN_CONSTANT_CONVERSION = YES;
				CLANG_WARN_DIRECT_OBJC_ISA_USAGE = YES_ERROR;
				CLANG_WARN_EMPTY_BODY = YES;
				CLANG_WARN_ENUM_CONVERSION = YES;
				CLANG_WARN_INT_CONVERSION = YES;
				CLANG_WARN_OBJC_ROOT_CLASS = YES_ERROR;
				CLANG_WARN_UNREACHABLE_CODE = YES;
				CLANG_WARN__DUPLICATE_METHOD_MATCH = YES;
				"CODE_SIGN_IDENTITY[sdk=iphoneos*]" = "iPhone Developer";
				COPY_PHASE_STRIP = YES;
				ENABLE_NS_ASSERTIONS = NO;
				ENABLE_STRICT_OBJC_MSGSEND = YES;
				GCC_C_LANGUAGE_STANDARD = gnu99;
				GCC_WARN_64_TO_32_BIT_CONVERSION = YES;
				GCC_WARN_ABOUT_RETURN_TYPE = YES_ERROR;
				GCC_WARN_UNDECLARED_SELECTOR = YES;
				GCC_WARN_UNINITIALIZED_AUTOS = YES_AGGRESSIVE;
				GCC_WARN_UNUSED_FUNCTION = YES;
				GCC_WARN_UNUSED_VARIABLE = YES;
				IPHONEOS_DEPLOYMENT_TARGET = 8.1;
				MTL_ENABLE_DEBUG_INFO = NO;
				SDKROOT = iphoneos;
				TARGETED_DEVICE_FAMILY = "1,2";
				VALIDATE_PRODUCT = YES;
			};
			name = Release;
		};
		03E682A31A6A10BB00E4F11A /* Debug */ = {
			isa = XCBuildConfiguration;
			buildSettings = {
				ASSETCATALOG_COMPILER_APPICON_NAME = AppIcon;
				INFOPLIST_FILE = Postcard/Info.plist;
				LD_RUNPATH_SEARCH_PATHS = "$(inherited) @executable_path/Frameworks";
				PRODUCT_NAME = "$(TARGET_NAME)";
			};
			name = Debug;
		};
		03E682A41A6A10BB00E4F11A /* Release */ = {
			isa = XCBuildConfiguration;
			buildSettings = {
				ASSETCATALOG_COMPILER_APPICON_NAME = AppIcon;
				INFOPLIST_FILE = Postcard/Info.plist;
				LD_RUNPATH_SEARCH_PATHS = "$(inherited) @executable_path/Frameworks";
				PRODUCT_NAME = "$(TARGET_NAME)";
			};
			name = Release;
		};
		03E682A61A6A10BB00E4F11A /* Debug */ = {
			isa = XCBuildConfiguration;
			buildSettings = {
				BUNDLE_LOADER = "$(TEST_HOST)";
				FRAMEWORK_SEARCH_PATHS = (
					"$(SDKROOT)/Developer/Library/Frameworks",
					"$(inherited)",
				);
				GCC_PREPROCESSOR_DEFINITIONS = (
					"DEBUG=1",
					"$(inherited)",
				);
				INFOPLIST_FILE = PostcardTests/Info.plist;
				LD_RUNPATH_SEARCH_PATHS = "$(inherited) @executable_path/Frameworks @loader_path/Frameworks";
				PRODUCT_NAME = "$(TARGET_NAME)";
				TEST_HOST = "$(BUILT_PRODUCTS_DIR)/Postcard.app/Postcard";
			};
			name = Debug;
		};
		03E682A71A6A10BB00E4F11A /* Release */ = {
			isa = XCBuildConfiguration;
			buildSettings = {
				BUNDLE_LOADER = "$(TEST_HOST)";
				FRAMEWORK_SEARCH_PATHS = (
					"$(SDKROOT)/Developer/Library/Frameworks",
					"$(inherited)",
				);
				INFOPLIST_FILE = PostcardTests/Info.plist;
				LD_RUNPATH_SEARCH_PATHS = "$(inherited) @executable_path/Frameworks @loader_path/Frameworks";
				PRODUCT_NAME = "$(TARGET_NAME)";
				TEST_HOST = "$(BUILT_PRODUCTS_DIR)/Postcard.app/Postcard";
			};
			name = Release;
		};
/* End XCBuildConfiguration section */

/* Begin XCConfigurationList section */
		03E6827E1A6A10BB00E4F11A /* Build configuration list for PBXProject "Postcard" */ = {
			isa = XCConfigurationList;
			buildConfigurations = (
				03E682A01A6A10BB00E4F11A /* Debug */,
				03E682A11A6A10BB00E4F11A /* Release */,
			);
			defaultConfigurationIsVisible = 0;
			defaultConfigurationName = Release;
		};
		03E682A21A6A10BB00E4F11A /* Build configuration list for PBXNativeTarget "Postcard" */ = {
			isa = XCConfigurationList;
			buildConfigurations = (
				03E682A31A6A10BB00E4F11A /* Debug */,
				03E682A41A6A10BB00E4F11A /* Release */,
			);
			defaultConfigurationIsVisible = 0;
		};
		03E682A51A6A10BB00E4F11A /* Build configuration list for PBXNativeTarget "PostcardTests" */ = {
			isa = XCConfigurationList;
			buildConfigurations = (
				03E682A61A6A10BB00E4F11A /* Debug */,
				03E682A71A6A10BB00E4F11A /* Release */,
			);
			defaultConfigurationIsVisible = 0;
		};
/* End XCConfigurationList section */
	};
	rootObject = 03E6827B1A6A10BB00E4F11A /* Project object */;
}
